<?xml version="1.0" encoding="utf-8"?>
<Project ToolsVersion="4.0" xmlns="http://schemas.microsoft.com/developer/msbuild/2003">
  <ItemGroup>
    <Filter Include="Source Files">
      <UniqueIdentifier>{4FC737F1-C7A5-4376-A066-2A32D752A2FF}</UniqueIdentifier>
      <Extensions>cpp;c;cc;cxx;def;odl;idl;hpj;bat;asm;asmx</Extensions>
    </Filter>
    <Filter Include="Header Files">
      <UniqueIdentifier>{93995380-89BD-4b04-88EB-625FBE52EBFB}</UniqueIdentifier>
      <Extensions>h;hh;hpp;hxx;hm;inl;inc;ipp;xsd</Extensions>
    </Filter>
    <Filter Include="Source Files\Systems">
      <UniqueIdentifier>{27262d03-6077-45c0-8682-68547a9a3cfd}</UniqueIdentifier>
    </Filter>
    <Filter Include="Header Files\Components">
      <UniqueIdentifier>{183c7be4-d511-4f28-911e-92809e091114}</UniqueIdentifier>
    </Filter>
    <Filter Include="Header Files\Systems">
      <UniqueIdentifier>{8dba0a47-ec91-45e5-8889-6af52f539235}</UniqueIdentifier>
    </Filter>
    <Filter Include="Header Files\Tuples">
      <UniqueIdentifier>{2998d999-d4a6-40b1-b53e-e02f9a262722}</UniqueIdentifier>
    </Filter>
    <Filter Include="Header Files\SingletonComponents">
      <UniqueIdentifier>{52ad2c89-d9f3-4044-bed7-7379cc9cdf1c}</UniqueIdentifier>
    </Filter>
    <Filter Include="Header Files\Entities">
      <UniqueIdentifier>{c3971de9-ee6e-4275-b12e-674b3076d6a8}</UniqueIdentifier>
    </Filter>
    <Filter Include="Source Files\Tuples">
      <UniqueIdentifier>{25ffb069-0cc3-42e6-b184-152efb23b6e8}</UniqueIdentifier>
    </Filter>
  </ItemGroup>
  <ItemGroup>
    <ClCompile Include="main.cpp">
      <Filter>Source Files</Filter>
    </ClCompile>
    <ClCompile Include="glad.c">
      <Filter>Source Files</Filter>
    </ClCompile>
    <ClCompile Include="Engine.cpp">
      <Filter>Source Files</Filter>
    </ClCompile>
    <ClCompile Include="Component.cpp">
      <Filter>Source Files</Filter>
    </ClCompile>
    <ClCompile Include="EntityAdmin.cpp">
      <Filter>Source Files</Filter>
    </ClCompile>
    <ClCompile Include="Entity.cpp">
      <Filter>Source Files</Filter>
    </ClCompile>
    <ClCompile Include="System.cpp">
      <Filter>Source Files</Filter>
    </ClCompile>
    <ClCompile Include="RenderSystem.cpp">
      <Filter>Source Files\Systems</Filter>
    </ClCompile>
    <ClCompile Include="WindowSystem.cpp">
      <Filter>Source Files\Systems</Filter>
    </ClCompile>
    <ClCompile Include="InputSystem.cpp">
      <Filter>Source Files\Systems</Filter>
    </ClCompile>
    <ClCompile Include="Shader.cpp">
      <Filter>Source Files</Filter>
    </ClCompile>
    <ClCompile Include="FPSCounterSystem.cpp">
      <Filter>Source Files\Systems</Filter>
    </ClCompile>
    <ClCompile Include="Utility.cpp">
      <Filter>Source Files</Filter>
    </ClCompile>
    <ClCompile Include="Mesh.cpp">
      <Filter>Source Files</Filter>
    </ClCompile>
    <ClCompile Include="ModelComponent.cpp">
      <Filter>Source Files</Filter>
    </ClCompile>
    <ClCompile Include="ResourceManager.cpp">
      <Filter>Source Files</Filter>
    </ClCompile>
    <ClCompile Include="LightEntity.cpp">
      <Filter>Source Files</Filter>
    </ClCompile>
    <ClCompile Include="RenderTuple.cpp">
      <Filter>Source Files\Tuples</Filter>
    </ClCompile>
    <ClCompile Include="PointLightTuple.cpp">
      <Filter>Source Files\Tuples</Filter>
    </ClCompile>
    <ClCompile Include="PerspectiveCameraComponent.h">
      <Filter>Header Files\Components</Filter>
    </ClCompile>
    <ClCompile Include="CameraComponent.h">
      <Filter>Header Files\Components</Filter>
    </ClCompile>
    <ClCompile Include="CameraTuple.cpp">
      <Filter>Source Files\Tuples</Filter>
    </ClCompile>
  </ItemGroup>
  <ItemGroup>
    <ClInclude Include="Engine.h">
      <Filter>Header Files</Filter>
    </ClInclude>
    <ClInclude Include="Component.h">
      <Filter>Header Files</Filter>
    </ClInclude>
    <ClInclude Include="EntityAdmin.h">
      <Filter>Header Files</Filter>
    </ClInclude>
    <ClInclude Include="Entity.h">
      <Filter>Header Files</Filter>
    </ClInclude>
    <ClInclude Include="System.h">
      <Filter>Header Files</Filter>
    </ClInclude>
    <ClInclude Include="resource.h">
      <Filter>Header Files</Filter>
    </ClInclude>
    <ClInclude Include="InputSystem.h">
      <Filter>Header Files\Systems</Filter>
    </ClInclude>
    <ClInclude Include="WindowSystem.h">
      <Filter>Header Files\Systems</Filter>
    </ClInclude>
    <ClInclude Include="RenderSystem.h">
      <Filter>Header Files\Systems</Filter>
    </ClInclude>
    <ClInclude Include="WindowComponent.h">
      <Filter>Header Files\SingletonComponents</Filter>
    </ClInclude>
    <ClInclude Include="InputComponent.h">
      <Filter>Header Files\SingletonComponents</Filter>
    </ClInclude>
    <ClInclude Include="ShaderComponent.h">
      <Filter>Header Files\SingletonComponents</Filter>
    </ClInclude>
    <ClInclude Include="Shader.h">
      <Filter>Header Files</Filter>
    </ClInclude>
    <ClInclude Include="include\stb_image.h">
      <Filter>Header Files</Filter>
    </ClInclude>
    <ClInclude Include="RenderTuple.h">
      <Filter>Header Files\Tuples</Filter>
    </ClInclude>
    <ClInclude Include="ModelComponent.h">
      <Filter>Header Files\Components</Filter>
    </ClInclude>
    <ClInclude Include="TransformComponent.h">
      <Filter>Header Files\Components</Filter>
    </ClInclude>
    <ClInclude Include="Constants.h">
      <Filter>Header Files</Filter>
    </ClInclude>
    <ClInclude Include="FPSCounterComponent.h">
      <Filter>Header Files\SingletonComponents</Filter>
    </ClInclude>
    <ClInclude Include="FPSCounterSystem.h">
      <Filter>Header Files\Systems</Filter>
    </ClInclude>
    <ClInclude Include="Utility.h">
      <Filter>Header Files</Filter>
    </ClInclude>
    <ClInclude Include="LightComponent.h">
      <Filter>Header Files\Components</Filter>
    </ClInclude>
    <ClInclude Include="LightShaderComponent.h">
      <Filter>Header Files\SingletonComponents</Filter>
    </ClInclude>
    <ClInclude Include="PointLightComponent.h">
      <Filter>Header Files\Components</Filter>
    </ClInclude>
    <ClInclude Include="PointLightTuple.h">
      <Filter>Header Files\Tuples</Filter>
    </ClInclude>
    <ClInclude Include="Mesh.h">
      <Filter>Header Files</Filter>
    </ClInclude>
    <ClInclude Include="SkyboxComponent.h">
      <Filter>Header Files\SingletonComponents</Filter>
    </ClInclude>
    <ClInclude Include="SkyboxShaderComponent.h">
      <Filter>Header Files\SingletonComponents</Filter>
    </ClInclude>
    <ClInclude Include="ResourceManager.h">
      <Filter>Header Files</Filter>
    </ClInclude>
    <ClInclude Include="LightEntity.h">
      <Filter>Header Files\Entities</Filter>
    </ClInclude>
    <ClInclude Include="MainCameraComponent.h">
      <Filter>Header Files\SingletonComponents</Filter>
    </ClInclude>
    <ClInclude Include="Transform2DComponent.h">
      <Filter>Header Files\Components</Filter>
    </ClInclude>
    <ClInclude Include="CameraTuple.h">
      <Filter>Header Files\Tuples</Filter>
    </ClInclude>
  </ItemGroup>
  <ItemGroup>
    <CustomBuild Include="shaders\shader.frag" />
    <CustomBuild Include="shaders\shader.vert" />
    <CustomBuild Include="resources\container.jpg" />
    <CustomBuild Include="resources\bananas.jpg" />
    <CustomBuild Include="shaders\lightShader.frag" />
    <CustomBuild Include="shaders\lightShader.vert" />
    <CustomBuild Include="resources\container2.png" />
    <CustomBuild Include="resources\container2_specular.png" />
    <CustomBuild Include="resources\container3.jpg" />
    <CustomBuild Include="resources\container3_specular.png" />
    <CustomBuild Include="resources\nanosuit\nanosuit.obj" />
    <CustomBuild Include="resources\nanosuit\arm_dif.png" />
    <CustomBuild Include="resources\nanosuit\arm_showroom_ddn.png" />
    <CustomBuild Include="resources\nanosuit\arm_showroom_spec.png" />
    <CustomBuild Include="resources\nanosuit\body_dif.png" />
    <CustomBuild Include="resources\nanosuit\body_showroom_ddn.png" />
    <CustomBuild Include="resources\nanosuit\body_showroom_spec.png" />
    <CustomBuild Include="resources\nanosuit\glass_ddn.png" />
    <CustomBuild Include="resources\nanosuit\glass_dif.png" />
    <CustomBuild Include="resources\nanosuit\hand_dif.png" />
    <CustomBuild Include="resources\nanosuit\hand_showroom_ddn.png" />
    <CustomBuild Include="resources\nanosuit\hand_showroom_spec.png" />
    <CustomBuild Include="resources\nanosuit\helmet_diff.png" />
    <CustomBuild Include="resources\nanosuit\helmet_showroom_ddn.png" />
    <CustomBuild Include="resources\nanosuit\helmet_showroom_spec.png" />
    <CustomBuild Include="resources\nanosuit\leg_dif.png" />
    <CustomBuild Include="resources\nanosuit\leg_showroom_ddn.png" />
    <CustomBuild Include="resources\nanosuit\leg_showroom_spec.png" />
    <CustomBuild Include="resources\nanosuit\LICENSE.txt" />
    <CustomBuild Include="resources\nanosuit\nanosuit.blend" />
    <CustomBuild Include="resources\nanosuit\nanosuit.mtl" />
    <CustomBuild Include="shaders\cubeMapShader.frag" />
    <CustomBuild Include="shaders\cubeMapShader.vert" />
    <CustomBuild Include="resources\skybox\back.jpg" />
    <CustomBuild Include="resources\skybox\bottom.jpg" />
    <CustomBuild Include="resources\skybox\front.jpg" />
    <CustomBuild Include="resources\skybox\left.jpg" />
    <CustomBuild Include="resources\skybox\right.jpg" />
    <CustomBuild Include="resources\skybox\top.jpg" />
    <CustomBuild Include="resources\mp_crimimpact\criminal-impact_bk.tga" />
    <CustomBuild Include="resources\mp_crimimpact\criminal-impact_dn.tga" />
    <CustomBuild Include="resources\mp_crimimpact\criminal-impact_ft.tga" />
    <CustomBuild Include="resources\mp_crimimpact\criminal-impact_lf.tga" />
    <CustomBuild Include="resources\mp_crimimpact\criminal-impact_rt.tga" />
    <CustomBuild Include="resources\mp_crimimpact\criminal-impact_up.tga" />
  </ItemGroup>
  <ItemGroup>
    <Image Include="resources\mp_crimimpact\criminal-impact_bk.png" />
  </ItemGroup>
</Project>